
Microsoft Visual Studio Solution File, Format Version 12.00
# Visual Studio Version 17
VisualStudioVersion = 17.14.36327.8
MinimumVisualStudioVersion = 10.0.40219.1
Project("{2150E333-8FDC-42A3-9474-1A3956D46DE8}") = "src", "src", "{02EA681E-C7D8-13C7-8484-4AC65E1B71E8}"
EndProject
Project("{2150E333-8FDC-42A3-9474-1A3956D46DE8}") = "Tests", "Tests", "{B71AFF5F-F668-4322-94EE-488B866C0AA5}"
EndProject
Project("{FAE04EC0-301F-11D3-BF4B-00C04F79EFBC}") = "TaskManager.Api", "TaskManager.Api\TaskManager.Api.csproj", "{A08040F6-29DF-436C-B03D-F5F17F3D6524}"
EndProject
Project("{FAE04EC0-301F-11D3-BF4B-00C04F79EFBC}") = "TaskManager.Application", "TaskManager.Application\TaskManager.Application.csproj", "{1A3CD271-502B-4946-99D9-941002351D25}"
EndProject
Project("{FAE04EC0-301F-11D3-BF4B-00C04F79EFBC}") = "TaskManager.Domain", "TaskManager.Domain\TaskManager.Domain.csproj", "{D7224878-6A9D-4517-8EFC-B08FD3CDF3E6}"
EndProject
Project("{FAE04EC0-301F-11D3-BF4B-00C04F79EFBC}") = "TaskManager.Infrastructure", "TaskManager.Infrastructure\TaskManager.Infrastructure.csproj", "{5343921D-365E-44BB-9137-0E45DFD9CBCE}"
EndProject
Project("{FAE04EC0-301F-11D3-BF4B-00C04F79EFBC}") = "TaskManager.Benchmarks", "TaskManager.Benchmarks\TaskManager.Benchmarks.csproj", "{69FD0DB8-54AF-4E3B-9AEE-A22E98DB388B}"
EndProject
Global
	GlobalSection(SolutionConfigurationPlatforms) = preSolution
		Debug|Any CPU = Debug|Any CPU
		Release|Any CPU = Release|Any CPU
	EndGlobalSection
	GlobalSection(ProjectConfigurationPlatforms) = postSolution
		{A08040F6-29DF-436C-B03D-F5F17F3D6524}.Debug|Any CPU.ActiveCfg = Debug|Any CPU
		{A08040F6-29DF-436C-B03D-F5F17F3D6524}.Debug|Any CPU.Build.0 = Debug|Any CPU
		{A08040F6-29DF-436C-B03D-F5F17F3D6524}.Release|Any CPU.ActiveCfg = Release|Any CPU
		{A08040F6-29DF-436C-B03D-F5F17F3D6524}.Release|Any CPU.Build.0 = Release|Any CPU
		{1A3CD271-502B-4946-99D9-941002351D25}.Debug|Any CPU.ActiveCfg = Debug|Any CPU
		{1A3CD271-502B-4946-99D9-941002351D25}.Debug|Any CPU.Build.0 = Debug|Any CPU
		{1A3CD271-502B-4946-99D9-941002351D25}.Release|Any CPU.ActiveCfg = Release|Any CPU
		{1A3CD271-502B-4946-99D9-941002351D25}.Release|Any CPU.Build.0 = Release|Any CPU
		{D7224878-6A9D-4517-8EFC-B08FD3CDF3E6}.Debug|Any CPU.ActiveCfg = Debug|Any CPU
		{D7224878-6A9D-4517-8EFC-B08FD3CDF3E6}.Debug|Any CPU.Build.0 = Debug|Any CPU
		{D7224878-6A9D-4517-8EFC-B08FD3CDF3E6}.Release|Any CPU.ActiveCfg = Release|Any CPU
		{D7224878-6A9D-4517-8EFC-B08FD3CDF3E6}.Release|Any CPU.Build.0 = Release|Any CPU
		{5343921D-365E-44BB-9137-0E45DFD9CBCE}.Debug|Any CPU.ActiveCfg = Debug|Any CPU
		{5343921D-365E-44BB-9137-0E45DFD9CBCE}.Debug|Any CPU.Build.0 = Debug|Any CPU
		{5343921D-365E-44BB-9137-0E45DFD9CBCE}.Release|Any CPU.ActiveCfg = Release|Any CPU
		{5343921D-365E-44BB-9137-0E45DFD9CBCE}.Release|Any CPU.Build.0 = Release|Any CPU
		{69FD0DB8-54AF-4E3B-9AEE-A22E98DB388B}.Debug|Any CPU.ActiveCfg = Debug|Any CPU
		{69FD0DB8-54AF-4E3B-9AEE-A22E98DB388B}.Debug|Any CPU.Build.0 = Debug|Any CPU
		{69FD0DB8-54AF-4E3B-9AEE-A22E98DB388B}.Release|Any CPU.ActiveCfg = Release|Any CPU
		{69FD0DB8-54AF-4E3B-9AEE-A22E98DB388B}.Release|Any CPU.Build.0 = Release|Any CPU
	EndGlobalSection
	GlobalSection(SolutionProperties) = preSolution
		HideSolutionNode = FALSE
	EndGlobalSection
	GlobalSection(NestedProjects) = preSolution
		{A08040F6-29DF-436C-B03D-F5F17F3D6524} = {02EA681E-C7D8-13C7-8484-4AC65E1B71E8}
		{1A3CD271-502B-4946-99D9-941002351D25} = {02EA681E-C7D8-13C7-8484-4AC65E1B71E8}
		{D7224878-6A9D-4517-8EFC-B08FD3CDF3E6} = {02EA681E-C7D8-13C7-8484-4AC65E1B71E8}
		{5343921D-365E-44BB-9137-0E45DFD9CBCE} = {02EA681E-C7D8-13C7-8484-4AC65E1B71E8}
		{69FD0DB8-54AF-4E3B-9AEE-A22E98DB388B} = {02EA681E-C7D8-13C7-8484-4AC65E1B71E8}
	EndGlobalSection
	GlobalSection(ExtensibilityGlobals) = postSolution
		SolutionGuid = {FB6B6520-0923-4C4C-8099-778A1007E5B7}
	EndGlobalSection
EndGlobal
